
Microsoft Visual Studio Solution File, Format Version 12.00
# Visual Studio Version 16
VisualStudioVersion = 16.0.30804.86
MinimumVisualStudioVersion = 10.0.40219.1
Project("{9A19103F-16F7-4668-BE54-9A1E7A4F7556}") = "Shop.Data.DB", "Shop.Data.DB\Shop.Data.DB.csproj", "{F9084C12-796F-467B-8E2B-0870F58FA77C}"
EndProject
Project("{2150E333-8FDC-42A3-9474-1A3956D46DE8}") = "Data", "Data", "{60099C7B-0B24-4F2A-9BF8-9DA780A5AD02}"
EndProject
Project("{2150E333-8FDC-42A3-9474-1A3956D46DE8}") = "Common", "Common", "{9BB9A924-969B-40BE-A1F2-104BE7BB1993}"
EndProject
Project("{2150E333-8FDC-42A3-9474-1A3956D46DE8}") = "Client", "Client", "{6ED230F3-5753-42B8-872F-71C90372D007}"
EndProject
Project("{2150E333-8FDC-42A3-9474-1A3956D46DE8}") = "Logic", "Logic", "{8D93767A-7A71-437E-8496-C3D505CA2365}"
EndProject
Project("{2150E333-8FDC-42A3-9474-1A3956D46DE8}") = "Web", "Web", "{6FC14301-35B7-4782-BBEF-279F03B530B9}"
EndProject
Project("{9A19103F-16F7-4668-BE54-9A1E7A4F7556}") = "Shop.Domain", "Shop.Domain\Shop.Domain.csproj", "{19971675-10AC-492C-83BB-86E120B75207}"
EndProject
Project("{FAE04EC0-301F-11D3-BF4B-00C04F79EFBC}") = "Shop.Logic.BLL", "Shop.Logic.BLL\Shop.Logic.BLL.csproj", "{F0FB0886-B6CB-443C-8F44-28A116F0955D}"
EndProject
Project("{FAE04EC0-301F-11D3-BF4B-00C04F79EFBC}") = "Shop.WEB", "Shop.WEB\Shop.WEB.csproj", "{2E7D60EC-FEC0-4F72-9855-D339A8CC062C}"
EndProject
Global
	GlobalSection(SolutionConfigurationPlatforms) = preSolution
		Debug|Any CPU = Debug|Any CPU
		Release|Any CPU = Release|Any CPU
	EndGlobalSection
	GlobalSection(ProjectConfigurationPlatforms) = postSolution
		{F9084C12-796F-467B-8E2B-0870F58FA77C}.Debug|Any CPU.ActiveCfg = Debug|Any CPU
		{F9084C12-796F-467B-8E2B-0870F58FA77C}.Debug|Any CPU.Build.0 = Debug|Any CPU
		{F9084C12-796F-467B-8E2B-0870F58FA77C}.Release|Any CPU.ActiveCfg = Release|Any CPU
		{F9084C12-796F-467B-8E2B-0870F58FA77C}.Release|Any CPU.Build.0 = Release|Any CPU
		{19971675-10AC-492C-83BB-86E120B75207}.Debug|Any CPU.ActiveCfg = Debug|Any CPU
		{19971675-10AC-492C-83BB-86E120B75207}.Debug|Any CPU.Build.0 = Debug|Any CPU
		{19971675-10AC-492C-83BB-86E120B75207}.Release|Any CPU.ActiveCfg = Release|Any CPU
		{19971675-10AC-492C-83BB-86E120B75207}.Release|Any CPU.Build.0 = Release|Any CPU
		{F0FB0886-B6CB-443C-8F44-28A116F0955D}.Debug|Any CPU.ActiveCfg = Debug|Any CPU
		{F0FB0886-B6CB-443C-8F44-28A116F0955D}.Debug|Any CPU.Build.0 = Debug|Any CPU
		{F0FB0886-B6CB-443C-8F44-28A116F0955D}.Release|Any CPU.ActiveCfg = Release|Any CPU
		{F0FB0886-B6CB-443C-8F44-28A116F0955D}.Release|Any CPU.Build.0 = Release|Any CPU
		{2E7D60EC-FEC0-4F72-9855-D339A8CC062C}.Debug|Any CPU.ActiveCfg = Debug|Any CPU
		{2E7D60EC-FEC0-4F72-9855-D339A8CC062C}.Debug|Any CPU.Build.0 = Debug|Any CPU
		{2E7D60EC-FEC0-4F72-9855-D339A8CC062C}.Release|Any CPU.ActiveCfg = Release|Any CPU
		{2E7D60EC-FEC0-4F72-9855-D339A8CC062C}.Release|Any CPU.Build.0 = Release|Any CPU
	EndGlobalSection
	GlobalSection(SolutionProperties) = preSolution
		HideSolutionNode = FALSE
	EndGlobalSection
	GlobalSection(NestedProjects) = preSolution
		{F9084C12-796F-467B-8E2B-0870F58FA77C} = {60099C7B-0B24-4F2A-9BF8-9DA780A5AD02}
		{19971675-10AC-492C-83BB-86E120B75207} = {9BB9A924-969B-40BE-A1F2-104BE7BB1993}
		{F0FB0886-B6CB-443C-8F44-28A116F0955D} = {8D93767A-7A71-437E-8496-C3D505CA2365}
		{2E7D60EC-FEC0-4F72-9855-D339A8CC062C} = {6FC14301-35B7-4782-BBEF-279F03B530B9}
	EndGlobalSection
	GlobalSection(ExtensibilityGlobals) = postSolution
		SolutionGuid = {34861898-0404-4CE0-B99B-9C18F28D1C2E}
	EndGlobalSection
EndGlobal
