
Microsoft Visual Studio Solution File, Format Version 12.00
# Visual Studio Version 16
VisualStudioVersion = 16.0.30804.86
MinimumVisualStudioVersion = 10.0.40219.1
Project("{9A19103F-16F7-4668-BE54-9A1E7A4F7556}") = "Shop.Data.DB", "Shop.Data.DB\Shop.Data.DB.csproj", "{F9084C12-796F-467B-8E2B-0870F58FA77C}"
EndProject
Project("{2150E333-8FDC-42A3-9474-1A3956D46DE8}") = "Data", "Data", "{60099C7B-0B24-4F2A-9BF8-9DA780A5AD02}"
EndProject
Project("{2150E333-8FDC-42A3-9474-1A3956D46DE8}") = "Common", "Common", "{9BB9A924-969B-40BE-A1F2-104BE7BB1993}"
EndProject
Project("{2150E333-8FDC-42A3-9474-1A3956D46DE8}") = "Client", "Client", "{6ED230F3-5753-42B8-872F-71C90372D007}"
EndProject
Project("{2150E333-8FDC-42A3-9474-1A3956D46DE8}") = "Logic", "Logic", "{8D93767A-7A71-437E-8496-C3D505CA2365}"
EndProject
Project("{2150E333-8FDC-42A3-9474-1A3956D46DE8}") = "Web", "Web", "{6FC14301-35B7-4782-BBEF-279F03B530B9}"
EndProject
Project("{9A19103F-16F7-4668-BE54-9A1E7A4F7556}") = "Shop.Domain", "Shop.Domain\Shop.Domain.csproj", "{19971675-10AC-492C-83BB-86E120B75207}"
EndProject
Project("{9A19103F-16F7-4668-BE54-9A1E7A4F7556}") = "Shop.Logic.BLL", "Shop.Logic.BLL\Shop.Logic.BLL.csproj", "{F0FB0886-B6CB-443C-8F44-28A116F0955D}"
EndProject
Project("{9A19103F-16F7-4668-BE54-9A1E7A4F7556}") = "Shop.WEB", "Shop.WEB\Shop.WEB.csproj", "{2E7D60EC-FEC0-4F72-9855-D339A8CC062C}"
EndProject
Project("{9A19103F-16F7-4668-BE54-9A1E7A4F7556}") = "Shop.WEB.Models", "Shop.WEB.Models\Shop.WEB.Models.csproj", "{DBB3D9D1-045B-4B64-8253-8DF72583C23D}"
EndProject
Project("{9A19103F-16F7-4668-BE54-9A1E7A4F7556}") = "Shop.API", "Shop.API\Shop.API.csproj", "{A1FF2BE9-C1A0-4B1A-8265-48AFF3DC6D6C}"
EndProject
Project("{9A19103F-16F7-4668-BE54-9A1E7A4F7556}") = "Shop.WEB.Core", "Shop.WEB.Core\Shop.WEB.Core.csproj", "{EB5B16F2-D0EA-4179-8282-1F5E793FA268}"
EndProject
Project("{9A19103F-16F7-4668-BE54-9A1E7A4F7556}") = "Shop.WEB.IdentityServer", "Shop.WEB.IdentityServer\Shop.WEB.IdentityServer.csproj", "{B65E1155-F5F8-4FA5-A4AE-4B14BE37E358}"
EndProject
Project("{FAE04EC0-301F-11D3-BF4B-00C04F79EFBC}") = "Shop.Client.Core", "Shop.Client.Core\Shop.Client.Core.csproj", "{544C539C-D280-4FF8-8DE4-06B9258A9B59}"
EndProject
Project("{FAE04EC0-301F-11D3-BF4B-00C04F79EFBC}") = "Shop.Client.Xamarin.Android", "Shop.Client.Xamarin\Shop.Client.Xamarin.Android\Shop.Client.Xamarin.Android.csproj", "{2033F30A-C103-4D59-B628-6A44558A055B}"
EndProject
Project("{FAE04EC0-301F-11D3-BF4B-00C04F79EFBC}") = "Shop.Client.Xamarin", "Shop.Client.Xamarin\Shop.Client.Xamarin\Shop.Client.Xamarin.csproj", "{95602D67-C0DD-4CD3-8AB3-37C9A23CDA74}"
EndProject
Global
	GlobalSection(SolutionConfigurationPlatforms) = preSolution
		Debug|Any CPU = Debug|Any CPU
		Release|Any CPU = Release|Any CPU
	EndGlobalSection
	GlobalSection(ProjectConfigurationPlatforms) = postSolution
		{F9084C12-796F-467B-8E2B-0870F58FA77C}.Debug|Any CPU.ActiveCfg = Debug|Any CPU
		{F9084C12-796F-467B-8E2B-0870F58FA77C}.Debug|Any CPU.Build.0 = Debug|Any CPU
		{F9084C12-796F-467B-8E2B-0870F58FA77C}.Release|Any CPU.ActiveCfg = Release|Any CPU
		{F9084C12-796F-467B-8E2B-0870F58FA77C}.Release|Any CPU.Build.0 = Release|Any CPU
		{19971675-10AC-492C-83BB-86E120B75207}.Debug|Any CPU.ActiveCfg = Debug|Any CPU
		{19971675-10AC-492C-83BB-86E120B75207}.Debug|Any CPU.Build.0 = Debug|Any CPU
		{19971675-10AC-492C-83BB-86E120B75207}.Release|Any CPU.ActiveCfg = Release|Any CPU
		{19971675-10AC-492C-83BB-86E120B75207}.Release|Any CPU.Build.0 = Release|Any CPU
		{F0FB0886-B6CB-443C-8F44-28A116F0955D}.Debug|Any CPU.ActiveCfg = Debug|Any CPU
		{F0FB0886-B6CB-443C-8F44-28A116F0955D}.Debug|Any CPU.Build.0 = Debug|Any CPU
		{F0FB0886-B6CB-443C-8F44-28A116F0955D}.Release|Any CPU.ActiveCfg = Release|Any CPU
		{F0FB0886-B6CB-443C-8F44-28A116F0955D}.Release|Any CPU.Build.0 = Release|Any CPU
		{2E7D60EC-FEC0-4F72-9855-D339A8CC062C}.Debug|Any CPU.ActiveCfg = Debug|Any CPU
		{2E7D60EC-FEC0-4F72-9855-D339A8CC062C}.Debug|Any CPU.Build.0 = Debug|Any CPU
		{2E7D60EC-FEC0-4F72-9855-D339A8CC062C}.Release|Any CPU.ActiveCfg = Release|Any CPU
		{2E7D60EC-FEC0-4F72-9855-D339A8CC062C}.Release|Any CPU.Build.0 = Release|Any CPU
		{DBB3D9D1-045B-4B64-8253-8DF72583C23D}.Debug|Any CPU.ActiveCfg = Debug|Any CPU
		{DBB3D9D1-045B-4B64-8253-8DF72583C23D}.Debug|Any CPU.Build.0 = Debug|Any CPU
		{DBB3D9D1-045B-4B64-8253-8DF72583C23D}.Release|Any CPU.ActiveCfg = Release|Any CPU
		{DBB3D9D1-045B-4B64-8253-8DF72583C23D}.Release|Any CPU.Build.0 = Release|Any CPU
		{A1FF2BE9-C1A0-4B1A-8265-48AFF3DC6D6C}.Debug|Any CPU.ActiveCfg = Debug|Any CPU
		{A1FF2BE9-C1A0-4B1A-8265-48AFF3DC6D6C}.Debug|Any CPU.Build.0 = Debug|Any CPU
		{A1FF2BE9-C1A0-4B1A-8265-48AFF3DC6D6C}.Release|Any CPU.ActiveCfg = Release|Any CPU
		{A1FF2BE9-C1A0-4B1A-8265-48AFF3DC6D6C}.Release|Any CPU.Build.0 = Release|Any CPU
		{EB5B16F2-D0EA-4179-8282-1F5E793FA268}.Debug|Any CPU.ActiveCfg = Debug|Any CPU
		{EB5B16F2-D0EA-4179-8282-1F5E793FA268}.Debug|Any CPU.Build.0 = Debug|Any CPU
		{EB5B16F2-D0EA-4179-8282-1F5E793FA268}.Release|Any CPU.ActiveCfg = Release|Any CPU
		{EB5B16F2-D0EA-4179-8282-1F5E793FA268}.Release|Any CPU.Build.0 = Release|Any CPU
		{B65E1155-F5F8-4FA5-A4AE-4B14BE37E358}.Debug|Any CPU.ActiveCfg = Debug|Any CPU
		{B65E1155-F5F8-4FA5-A4AE-4B14BE37E358}.Debug|Any CPU.Build.0 = Debug|Any CPU
		{B65E1155-F5F8-4FA5-A4AE-4B14BE37E358}.Release|Any CPU.ActiveCfg = Release|Any CPU
		{B65E1155-F5F8-4FA5-A4AE-4B14BE37E358}.Release|Any CPU.Build.0 = Release|Any CPU
		{544C539C-D280-4FF8-8DE4-06B9258A9B59}.Debug|Any CPU.ActiveCfg = Debug|Any CPU
		{544C539C-D280-4FF8-8DE4-06B9258A9B59}.Debug|Any CPU.Build.0 = Debug|Any CPU
		{544C539C-D280-4FF8-8DE4-06B9258A9B59}.Release|Any CPU.ActiveCfg = Release|Any CPU
		{544C539C-D280-4FF8-8DE4-06B9258A9B59}.Release|Any CPU.Build.0 = Release|Any CPU
		{2033F30A-C103-4D59-B628-6A44558A055B}.Debug|Any CPU.ActiveCfg = Debug|Any CPU
		{2033F30A-C103-4D59-B628-6A44558A055B}.Debug|Any CPU.Build.0 = Debug|Any CPU
		{2033F30A-C103-4D59-B628-6A44558A055B}.Debug|Any CPU.Deploy.0 = Debug|Any CPU
		{2033F30A-C103-4D59-B628-6A44558A055B}.Release|Any CPU.ActiveCfg = Release|Any CPU
		{2033F30A-C103-4D59-B628-6A44558A055B}.Release|Any CPU.Build.0 = Release|Any CPU
		{2033F30A-C103-4D59-B628-6A44558A055B}.Release|Any CPU.Deploy.0 = Release|Any CPU
		{95602D67-C0DD-4CD3-8AB3-37C9A23CDA74}.Debug|Any CPU.ActiveCfg = Debug|Any CPU
		{95602D67-C0DD-4CD3-8AB3-37C9A23CDA74}.Debug|Any CPU.Build.0 = Debug|Any CPU
		{95602D67-C0DD-4CD3-8AB3-37C9A23CDA74}.Release|Any CPU.ActiveCfg = Release|Any CPU
		{95602D67-C0DD-4CD3-8AB3-37C9A23CDA74}.Release|Any CPU.Build.0 = Release|Any CPU
	EndGlobalSection
	GlobalSection(SolutionProperties) = preSolution
		HideSolutionNode = FALSE
	EndGlobalSection
	GlobalSection(NestedProjects) = preSolution
		{F9084C12-796F-467B-8E2B-0870F58FA77C} = {60099C7B-0B24-4F2A-9BF8-9DA780A5AD02}
		{19971675-10AC-492C-83BB-86E120B75207} = {9BB9A924-969B-40BE-A1F2-104BE7BB1993}
		{F0FB0886-B6CB-443C-8F44-28A116F0955D} = {8D93767A-7A71-437E-8496-C3D505CA2365}
		{2E7D60EC-FEC0-4F72-9855-D339A8CC062C} = {6FC14301-35B7-4782-BBEF-279F03B530B9}
		{DBB3D9D1-045B-4B64-8253-8DF72583C23D} = {6FC14301-35B7-4782-BBEF-279F03B530B9}
		{A1FF2BE9-C1A0-4B1A-8265-48AFF3DC6D6C} = {6FC14301-35B7-4782-BBEF-279F03B530B9}
		{EB5B16F2-D0EA-4179-8282-1F5E793FA268} = {6FC14301-35B7-4782-BBEF-279F03B530B9}
		{B65E1155-F5F8-4FA5-A4AE-4B14BE37E358} = {6FC14301-35B7-4782-BBEF-279F03B530B9}
		{544C539C-D280-4FF8-8DE4-06B9258A9B59} = {6ED230F3-5753-42B8-872F-71C90372D007}
		{2033F30A-C103-4D59-B628-6A44558A055B} = {6ED230F3-5753-42B8-872F-71C90372D007}
		{95602D67-C0DD-4CD3-8AB3-37C9A23CDA74} = {6ED230F3-5753-42B8-872F-71C90372D007}
	EndGlobalSection
	GlobalSection(ExtensibilityGlobals) = postSolution
		SolutionGuid = {34861898-0404-4CE0-B99B-9C18F28D1C2E}
	EndGlobalSection
EndGlobal
